// !$*UTF8*$!
{
	archiveVersion = 1;
	classes = {
	};
	objectVersion = 48;
	objects = {

/* Begin PBXBuildFile section */
		4805C76D1E942CBE00C885F4 /* AppDelegate.swift in Sources */ = {isa = PBXBuildFile; fileRef = 4805C76C1E942CBE00C885F4 /* AppDelegate.swift */; };
		4805C7721E942CBE00C885F4 /* Main.storyboard in Resources */ = {isa = PBXBuildFile; fileRef = 4805C7701E942CBE00C885F4 /* Main.storyboard */; };
		4805C7751E942CBE00C885F4 /* Watercolors.xcdatamodeld in Sources */ = {isa = PBXBuildFile; fileRef = 4805C7731E942CBE00C885F4 /* Watercolors.xcdatamodeld */; };
		4805C7771E942CBE00C885F4 /* Assets.xcassets in Resources */ = {isa = PBXBuildFile; fileRef = 4805C7761E942CBE00C885F4 /* Assets.xcassets */; };
		4805C77A1E942CBE00C885F4 /* LaunchScreen.storyboard in Resources */ = {isa = PBXBuildFile; fileRef = 4805C7781E942CBE00C885F4 /* LaunchScreen.storyboard */; };
		4805C7851E942CBF00C885F4 /* WatercolorsTests.swift in Sources */ = {isa = PBXBuildFile; fileRef = 4805C7841E942CBF00C885F4 /* WatercolorsTests.swift */; };
		4805C7901E942CBF00C885F4 /* WatercolorsUITests.swift in Sources */ = {isa = PBXBuildFile; fileRef = 4805C78F1E942CBF00C885F4 /* WatercolorsUITests.swift */; };
		482E22101EFC1EDB00D7CEEA /* GoogleService-Info.plist in Resources */ = {isa = PBXBuildFile; fileRef = 482E220F1EFC1EDB00D7CEEA /* GoogleService-Info.plist */; };
		482E22121EFF3F9700D7CEEA /* Emitter.swift in Sources */ = {isa = PBXBuildFile; fileRef = 482E22111EFF3F9700D7CEEA /* Emitter.swift */; };
		486871181F09524C0001747A /* PigmentTableViewCell.swift in Sources */ = {isa = PBXBuildFile; fileRef = 486871171F09524C0001747A /* PigmentTableViewCell.swift */; };
		4868711A1F0954060001747A /* PaintListTableViewController.swift in Sources */ = {isa = PBXBuildFile; fileRef = 486871191F0954060001747A /* PaintListTableViewController.swift */; };
		489D060B1EE3239400ED20B0 /* LoginVC.swift in Sources */ = {isa = PBXBuildFile; fileRef = 489D060A1EE3239400ED20B0 /* LoginVC.swift */; };
		48A64C9A1F0B78D80004307F /* PaintItem.swift in Sources */ = {isa = PBXBuildFile; fileRef = 48A64C991F0B78D80004307F /* PaintItem.swift */; };
		48A64C9C1F11A4D20004307F /* ActivityIndicator.swift in Sources */ = {isa = PBXBuildFile; fileRef = 48A64C9B1F11A4D20004307F /* ActivityIndicator.swift */; };
		6837FA44C328193AB8DB05EB /* Pods_WatercolorsTests.framework in Frameworks */ = {isa = PBXBuildFile; fileRef = E9C4A2446281BD3B56D8A1A6 /* Pods_WatercolorsTests.framework */; };
		8E88C1357731D6FC963F767A /* Pods_Watercolors.framework in Frameworks */ = {isa = PBXBuildFile; fileRef = B6820E0CB5B2FA27595C3F38 /* Pods_Watercolors.framework */; };
		A51BB02A44BFD63A83C0408B /* Pods_WatercolorsUITests.framework in Frameworks */ = {isa = PBXBuildFile; fileRef = BC9E6349AB58C386A927F32B /* Pods_WatercolorsUITests.framework */; };
		F00B698A1E9BFB790021F055 /* Paint+CoreDataClass.swift in Sources */ = {isa = PBXBuildFile; fileRef = F00B69861E9BFB790021F055 /* Paint+CoreDataClass.swift */; };
		F00B698B1E9BFB790021F055 /* Paint+CoreDataProperties.swift in Sources */ = {isa = PBXBuildFile; fileRef = F00B69871E9BFB790021F055 /* Paint+CoreDataProperties.swift */; };
		F00B698C1E9BFB790021F055 /* Pigment+CoreDataClass.swift in Sources */ = {isa = PBXBuildFile; fileRef = F00B69881E9BFB790021F055 /* Pigment+CoreDataClass.swift */; };
		F00B698D1E9BFB790021F055 /* Pigment+CoreDataProperties.swift in Sources */ = {isa = PBXBuildFile; fileRef = F00B69891E9BFB790021F055 /* Pigment+CoreDataProperties.swift */; };
		F00B699D1E9C41930021F055 /* SearchPigmentTCV.swift in Sources */ = {isa = PBXBuildFile; fileRef = F00B699B1E9C41930021F055 /* SearchPigmentTCV.swift */; };
		F00B69A11E9C41FE0021F055 /* PaintInfoTVC.swift in Sources */ = {isa = PBXBuildFile; fileRef = F00B69A01E9C41FE0021F055 /* PaintInfoTVC.swift */; };
		F00B69A31E9C42210021F055 /* PigmentInfoTVC.swift in Sources */ = {isa = PBXBuildFile; fileRef = F00B69A21E9C42210021F055 /* PigmentInfoTVC.swift */; };
		F00B69A81E9C433F0021F055 /* SearchPaintTableViewCell.swift in Sources */ = {isa = PBXBuildFile; fileRef = F00B69A71E9C433F0021F055 /* SearchPaintTableViewCell.swift */; };
		F00B69B01E9C79250021F055 /* SearchPigmentTableViewCell.swift in Sources */ = {isa = PBXBuildFile; fileRef = F00B69AF1E9C79250021F055 /* SearchPigmentTableViewCell.swift */; };
		F00B69B21E9C82C80021F055 /* InventoryTableViewCell.swift in Sources */ = {isa = PBXBuildFile; fileRef = F00B69B11E9C82C80021F055 /* InventoryTableViewCell.swift */; };
		F04411A11E9BDA850046A999 /* paint.json in Resources */ = {isa = PBXBuildFile; fileRef = F044119F1E9BDA850046A999 /* paint.json */; };
		F04411A21E9BDA850046A999 /* pigment.json in Resources */ = {isa = PBXBuildFile; fileRef = F04411A01E9BDA850046A999 /* pigment.json */; };
		F04411C51E9BDE950046A999 /* CoreDataStack.swift in Sources */ = {isa = PBXBuildFile; fileRef = F04411C41E9BDE950046A999 /* CoreDataStack.swift */; };
		F0BB5EDD1E9D8E0A007E9878 /* ColorFamilyTableViewCell.swift in Sources */ = {isa = PBXBuildFile; fileRef = F0BB5EDC1E9D8E0A007E9878 /* ColorFamilyTableViewCell.swift */; };
		F0BB5EE31E9D9AAF007E9878 /* PaintTableViewCell.swift in Sources */ = {isa = PBXBuildFile; fileRef = F0BB5EE21E9D9AAF007E9878 /* PaintTableViewCell.swift */; };
		F0BB5EE51E9D9ACC007E9878 /* OtherNamesTableViewCell.swift in Sources */ = {isa = PBXBuildFile; fileRef = F0BB5EE41E9D9ACC007E9878 /* OtherNamesTableViewCell.swift */; };
/* End PBXBuildFile section */

/* Begin PBXContainerItemProxy section */
		4805C7811E942CBF00C885F4 /* PBXContainerItemProxy */ = {
			isa = PBXContainerItemProxy;
			containerPortal = 4805C7611E942CBE00C885F4 /* Project object */;
			proxyType = 1;
			remoteGlobalIDString = 4805C7681E942CBE00C885F4;
			remoteInfo = Watercolors;
		};
		4805C78C1E942CBF00C885F4 /* PBXContainerItemProxy */ = {
			isa = PBXContainerItemProxy;
			containerPortal = 4805C7611E942CBE00C885F4 /* Project object */;
			proxyType = 1;
			remoteGlobalIDString = 4805C7681E942CBE00C885F4;
			remoteInfo = Watercolors;
		};
/* End PBXContainerItemProxy section */

/* Begin PBXFileReference section */
		16377F175BAD21241E946629 /* Pods-Watercolors.release.xcconfig */ = {isa = PBXFileReference; includeInIndex = 1; lastKnownFileType = text.xcconfig; name = "Pods-Watercolors.release.xcconfig"; path = "Pods/Target Support Files/Pods-Watercolors/Pods-Watercolors.release.xcconfig"; sourceTree = "<group>"; };
		25905FAEDAB144FF7A81B431 /* Pods-WatercolorsTests.debug.xcconfig */ = {isa = PBXFileReference; includeInIndex = 1; lastKnownFileType = text.xcconfig; name = "Pods-WatercolorsTests.debug.xcconfig"; path = "Pods/Target Support Files/Pods-WatercolorsTests/Pods-WatercolorsTests.debug.xcconfig"; sourceTree = "<group>"; };
		4805C7691E942CBE00C885F4 /* Watercolors.app */ = {isa = PBXFileReference; explicitFileType = wrapper.application; includeInIndex = 0; path = Watercolors.app; sourceTree = BUILT_PRODUCTS_DIR; };
		4805C76C1E942CBE00C885F4 /* AppDelegate.swift */ = {isa = PBXFileReference; lastKnownFileType = sourcecode.swift; path = AppDelegate.swift; sourceTree = "<group>"; };
		4805C7711E942CBE00C885F4 /* Base */ = {isa = PBXFileReference; lastKnownFileType = file.storyboard; name = Base; path = Base.lproj/Main.storyboard; sourceTree = "<group>"; };
		4805C7741E942CBE00C885F4 /* Watercolors.xcdatamodel */ = {isa = PBXFileReference; lastKnownFileType = wrapper.xcdatamodel; path = Watercolors.xcdatamodel; sourceTree = "<group>"; };
		4805C7761E942CBE00C885F4 /* Assets.xcassets */ = {isa = PBXFileReference; lastKnownFileType = folder.assetcatalog; name = Assets.xcassets; path = Watercolors/Assets.xcassets; sourceTree = "<group>"; };
		4805C7791E942CBE00C885F4 /* Base */ = {isa = PBXFileReference; lastKnownFileType = file.storyboard; name = Base; path = Base.lproj/LaunchScreen.storyboard; sourceTree = "<group>"; };
		4805C77B1E942CBE00C885F4 /* Info.plist */ = {isa = PBXFileReference; lastKnownFileType = text.plist.xml; name = Info.plist; path = Watercolors/Info.plist; sourceTree = "<group>"; };
		4805C7801E942CBF00C885F4 /* WatercolorsTests.xctest */ = {isa = PBXFileReference; explicitFileType = wrapper.cfbundle; includeInIndex = 0; path = WatercolorsTests.xctest; sourceTree = BUILT_PRODUCTS_DIR; };
		4805C7841E942CBF00C885F4 /* WatercolorsTests.swift */ = {isa = PBXFileReference; lastKnownFileType = sourcecode.swift; path = WatercolorsTests.swift; sourceTree = "<group>"; };
		4805C7861E942CBF00C885F4 /* Info.plist */ = {isa = PBXFileReference; lastKnownFileType = text.plist.xml; path = Info.plist; sourceTree = "<group>"; };
		4805C78B1E942CBF00C885F4 /* WatercolorsUITests.xctest */ = {isa = PBXFileReference; explicitFileType = wrapper.cfbundle; includeInIndex = 0; path = WatercolorsUITests.xctest; sourceTree = BUILT_PRODUCTS_DIR; };
		4805C78F1E942CBF00C885F4 /* WatercolorsUITests.swift */ = {isa = PBXFileReference; lastKnownFileType = sourcecode.swift; path = WatercolorsUITests.swift; sourceTree = "<group>"; };
		4805C7911E942CBF00C885F4 /* Info.plist */ = {isa = PBXFileReference; lastKnownFileType = text.plist.xml; path = Info.plist; sourceTree = "<group>"; };
		482E220F1EFC1EDB00D7CEEA /* GoogleService-Info.plist */ = {isa = PBXFileReference; fileEncoding = 4; lastKnownFileType = text.plist.xml; name = "GoogleService-Info.plist"; path = "Watercolors/GoogleService-Info.plist"; sourceTree = "<group>"; };
		482E22111EFF3F9700D7CEEA /* Emitter.swift */ = {isa = PBXFileReference; fileEncoding = 4; lastKnownFileType = sourcecode.swift; name = Emitter.swift; path = Watercolors/Emitter.swift; sourceTree = "<group>"; };
		486871171F09524C0001747A /* PigmentTableViewCell.swift */ = {isa = PBXFileReference; fileEncoding = 4; lastKnownFileType = sourcecode.swift; name = PigmentTableViewCell.swift; path = Cells/PigmentTableViewCell.swift; sourceTree = "<group>"; };
		486871191F0954060001747A /* PaintListTableViewController.swift */ = {isa = PBXFileReference; fileEncoding = 4; lastKnownFileType = sourcecode.swift; name = PaintListTableViewController.swift; path = ViewControllers/PaintListTableViewController.swift; sourceTree = "<group>"; };
		489D060A1EE3239400ED20B0 /* LoginVC.swift */ = {isa = PBXFileReference; fileEncoding = 4; lastKnownFileType = sourcecode.swift; path = LoginVC.swift; sourceTree = "<group>"; };
		48A64C991F0B78D80004307F /* PaintItem.swift */ = {isa = PBXFileReference; fileEncoding = 4; lastKnownFileType = sourcecode.swift; name = PaintItem.swift; path = Watercolors/PaintItem.swift; sourceTree = "<group>"; };
		48A64C9B1F11A4D20004307F /* ActivityIndicator.swift */ = {isa = PBXFileReference; fileEncoding = 4; lastKnownFileType = sourcecode.swift; name = ActivityIndicator.swift; path = Watercolors/ActivityIndicator.swift; sourceTree = "<group>"; };
		6B951EB84E28E25CA86D4348 /* Pods-Watercolors.debug.xcconfig */ = {isa = PBXFileReference; includeInIndex = 1; lastKnownFileType = text.xcconfig; name = "Pods-Watercolors.debug.xcconfig"; path = "Pods/Target Support Files/Pods-Watercolors/Pods-Watercolors.debug.xcconfig"; sourceTree = "<group>"; };
		70D10C59D56D44B8FDCFFE70 /* Pods-WatercolorsUITests.debug.xcconfig */ = {isa = PBXFileReference; includeInIndex = 1; lastKnownFileType = text.xcconfig; name = "Pods-WatercolorsUITests.debug.xcconfig"; path = "Pods/Target Support Files/Pods-WatercolorsUITests/Pods-WatercolorsUITests.debug.xcconfig"; sourceTree = "<group>"; };
		88BE69C0CEA67BE3BD2DE705 /* Pods-WatercolorsTests.release.xcconfig */ = {isa = PBXFileReference; includeInIndex = 1; lastKnownFileType = text.xcconfig; name = "Pods-WatercolorsTests.release.xcconfig"; path = "Pods/Target Support Files/Pods-WatercolorsTests/Pods-WatercolorsTests.release.xcconfig"; sourceTree = "<group>"; };
		89BF1823962519711FAB8018 /* Pods-WatercolorsUITests.release.xcconfig */ = {isa = PBXFileReference; includeInIndex = 1; lastKnownFileType = text.xcconfig; name = "Pods-WatercolorsUITests.release.xcconfig"; path = "Pods/Target Support Files/Pods-WatercolorsUITests/Pods-WatercolorsUITests.release.xcconfig"; sourceTree = "<group>"; };
		B6820E0CB5B2FA27595C3F38 /* Pods_Watercolors.framework */ = {isa = PBXFileReference; explicitFileType = wrapper.framework; includeInIndex = 0; path = Pods_Watercolors.framework; sourceTree = BUILT_PRODUCTS_DIR; };
		BC9E6349AB58C386A927F32B /* Pods_WatercolorsUITests.framework */ = {isa = PBXFileReference; explicitFileType = wrapper.framework; includeInIndex = 0; path = Pods_WatercolorsUITests.framework; sourceTree = BUILT_PRODUCTS_DIR; };
		E9C4A2446281BD3B56D8A1A6 /* Pods_WatercolorsTests.framework */ = {isa = PBXFileReference; explicitFileType = wrapper.framework; includeInIndex = 0; path = Pods_WatercolorsTests.framework; sourceTree = BUILT_PRODUCTS_DIR; };
		F00B69861E9BFB790021F055 /* Paint+CoreDataClass.swift */ = {isa = PBXFileReference; fileEncoding = 4; lastKnownFileType = sourcecode.swift; path = "Paint+CoreDataClass.swift"; sourceTree = "<group>"; };
		F00B69871E9BFB790021F055 /* Paint+CoreDataProperties.swift */ = {isa = PBXFileReference; fileEncoding = 4; lastKnownFileType = sourcecode.swift; path = "Paint+CoreDataProperties.swift"; sourceTree = "<group>"; };
		F00B69881E9BFB790021F055 /* Pigment+CoreDataClass.swift */ = {isa = PBXFileReference; fileEncoding = 4; lastKnownFileType = sourcecode.swift; path = "Pigment+CoreDataClass.swift"; sourceTree = "<group>"; };
		F00B69891E9BFB790021F055 /* Pigment+CoreDataProperties.swift */ = {isa = PBXFileReference; fileEncoding = 4; lastKnownFileType = sourcecode.swift; path = "Pigment+CoreDataProperties.swift"; sourceTree = "<group>"; };
		F00B699B1E9C41930021F055 /* SearchPigmentTCV.swift */ = {isa = PBXFileReference; fileEncoding = 4; lastKnownFileType = sourcecode.swift; name = SearchPigmentTCV.swift; path = ViewControllers/SearchPigmentTCV.swift; sourceTree = "<group>"; };
		F00B69A01E9C41FE0021F055 /* PaintInfoTVC.swift */ = {isa = PBXFileReference; fileEncoding = 4; lastKnownFileType = sourcecode.swift; name = PaintInfoTVC.swift; path = ViewControllers/PaintInfoTVC.swift; sourceTree = "<group>"; };
		F00B69A21E9C42210021F055 /* PigmentInfoTVC.swift */ = {isa = PBXFileReference; fileEncoding = 4; lastKnownFileType = sourcecode.swift; name = PigmentInfoTVC.swift; path = ViewControllers/PigmentInfoTVC.swift; sourceTree = "<group>"; };
		F00B69A71E9C433F0021F055 /* SearchPaintTableViewCell.swift */ = {isa = PBXFileReference; fileEncoding = 4; lastKnownFileType = sourcecode.swift; name = SearchPaintTableViewCell.swift; path = Cells/SearchPaintTableViewCell.swift; sourceTree = "<group>"; };
		F00B69AF1E9C79250021F055 /* SearchPigmentTableViewCell.swift */ = {isa = PBXFileReference; fileEncoding = 4; lastKnownFileType = sourcecode.swift; name = SearchPigmentTableViewCell.swift; path = Cells/SearchPigmentTableViewCell.swift; sourceTree = "<group>"; };
		F00B69B11E9C82C80021F055 /* InventoryTableViewCell.swift */ = {isa = PBXFileReference; fileEncoding = 4; lastKnownFileType = sourcecode.swift; name = InventoryTableViewCell.swift; path = Cells/InventoryTableViewCell.swift; sourceTree = "<group>"; };
		F044119F1E9BDA850046A999 /* paint.json */ = {isa = PBXFileReference; fileEncoding = 4; lastKnownFileType = text.json; path = paint.json; sourceTree = "<group>"; };
		F04411A01E9BDA850046A999 /* pigment.json */ = {isa = PBXFileReference; fileEncoding = 4; lastKnownFileType = text.json; path = pigment.json; sourceTree = "<group>"; };
		F04411C41E9BDE950046A999 /* CoreDataStack.swift */ = {isa = PBXFileReference; fileEncoding = 4; lastKnownFileType = sourcecode.swift; path = CoreDataStack.swift; sourceTree = "<group>"; };
		F0BB5EDC1E9D8E0A007E9878 /* ColorFamilyTableViewCell.swift */ = {isa = PBXFileReference; fileEncoding = 4; lastKnownFileType = sourcecode.swift; name = ColorFamilyTableViewCell.swift; path = Cells/ColorFamilyTableViewCell.swift; sourceTree = "<group>"; };
		F0BB5EE21E9D9AAF007E9878 /* PaintTableViewCell.swift */ = {isa = PBXFileReference; fileEncoding = 4; lastKnownFileType = sourcecode.swift; name = PaintTableViewCell.swift; path = Cells/PaintTableViewCell.swift; sourceTree = "<group>"; };
		F0BB5EE41E9D9ACC007E9878 /* OtherNamesTableViewCell.swift */ = {isa = PBXFileReference; fileEncoding = 4; lastKnownFileType = sourcecode.swift; name = OtherNamesTableViewCell.swift; path = Cells/OtherNamesTableViewCell.swift; sourceTree = "<group>"; };
/* End PBXFileReference section */

/* Begin PBXFrameworksBuildPhase section */
		4805C7661E942CBE00C885F4 /* Frameworks */ = {
			isa = PBXFrameworksBuildPhase;
			buildActionMask = 2147483647;
			files = (
				8E88C1357731D6FC963F767A /* Pods_Watercolors.framework in Frameworks */,
			);
			runOnlyForDeploymentPostprocessing = 0;
		};
		4805C77D1E942CBF00C885F4 /* Frameworks */ = {
			isa = PBXFrameworksBuildPhase;
			buildActionMask = 2147483647;
			files = (
				6837FA44C328193AB8DB05EB /* Pods_WatercolorsTests.framework in Frameworks */,
			);
			runOnlyForDeploymentPostprocessing = 0;
		};
		4805C7881E942CBF00C885F4 /* Frameworks */ = {
			isa = PBXFrameworksBuildPhase;
			buildActionMask = 2147483647;
			files = (
				A51BB02A44BFD63A83C0408B /* Pods_WatercolorsUITests.framework in Frameworks */,
			);
			runOnlyForDeploymentPostprocessing = 0;
		};
/* End PBXFrameworksBuildPhase section */

/* Begin PBXGroup section */
		372409B459717099F1620232 /* Pods */ = {
			isa = PBXGroup;
			children = (
				6B951EB84E28E25CA86D4348 /* Pods-Watercolors.debug.xcconfig */,
				16377F175BAD21241E946629 /* Pods-Watercolors.release.xcconfig */,
				25905FAEDAB144FF7A81B431 /* Pods-WatercolorsTests.debug.xcconfig */,
				88BE69C0CEA67BE3BD2DE705 /* Pods-WatercolorsTests.release.xcconfig */,
				70D10C59D56D44B8FDCFFE70 /* Pods-WatercolorsUITests.debug.xcconfig */,
				89BF1823962519711FAB8018 /* Pods-WatercolorsUITests.release.xcconfig */,
			);
			name = Pods;
			sourceTree = "<group>";
		};
		4805C7601E942CBE00C885F4 = {
			isa = PBXGroup;
			children = (
				4805C76B1E942CBE00C885F4 /* Watercolors */,
				4805C7831E942CBF00C885F4 /* WatercolorsTests */,
				4805C78E1E942CBF00C885F4 /* WatercolorsUITests */,
				4805C76A1E942CBE00C885F4 /* Products */,
				372409B459717099F1620232 /* Pods */,
				DC701D1A15D3F9140FDC0A77 /* Frameworks */,
			);
			sourceTree = "<group>";
		};
		4805C76A1E942CBE00C885F4 /* Products */ = {
			isa = PBXGroup;
			children = (
				4805C7691E942CBE00C885F4 /* Watercolors.app */,
				4805C7801E942CBF00C885F4 /* WatercolorsTests.xctest */,
				4805C78B1E942CBF00C885F4 /* WatercolorsUITests.xctest */,
			);
			name = Products;
			sourceTree = "<group>";
		};
		4805C76B1E942CBE00C885F4 /* Watercolors */ = {
			isa = PBXGroup;
			children = (
				4805C7701E942CBE00C885F4 /* Main.storyboard */,
				4805C76C1E942CBE00C885F4 /* AppDelegate.swift */,
				48CFE1AE1E9435DF008AEDBC /* Views */,
				486871161F06F6730001747A /* Resources */,
				F04411A31E9BDA8C0046A999 /* Data */,
			);
			path = Watercolors;
			sourceTree = "<group>";
		};
		4805C7831E942CBF00C885F4 /* WatercolorsTests */ = {
			isa = PBXGroup;
			children = (
				4805C7841E942CBF00C885F4 /* WatercolorsTests.swift */,
				4805C7861E942CBF00C885F4 /* Info.plist */,
			);
			path = WatercolorsTests;
			sourceTree = "<group>";
		};
		4805C78E1E942CBF00C885F4 /* WatercolorsUITests */ = {
			isa = PBXGroup;
			children = (
				4805C78F1E942CBF00C885F4 /* WatercolorsUITests.swift */,
				4805C7911E942CBF00C885F4 /* Info.plist */,
			);
			path = WatercolorsUITests;
			sourceTree = "<group>";
		};
		486871161F06F6730001747A /* Resources */ = {
			isa = PBXGroup;
			children = (
				48A64C9B1F11A4D20004307F /* ActivityIndicator.swift */,
				4805C7761E942CBE00C885F4 /* Assets.xcassets */,
				48A64C991F0B78D80004307F /* PaintItem.swift */,
				482E22111EFF3F9700D7CEEA /* Emitter.swift */,
				4805C77B1E942CBE00C885F4 /* Info.plist */,
				4805C7781E942CBE00C885F4 /* LaunchScreen.storyboard */,
				482E220F1EFC1EDB00D7CEEA /* GoogleService-Info.plist */,
			);
			name = Resources;
			path = ..;
			sourceTree = "<group>";
		};
		48CFE1AE1E9435DF008AEDBC /* Views */ = {
			isa = PBXGroup;
			children = (
				489D060A1EE3239400ED20B0 /* LoginVC.swift */,
				F00B69A01E9C41FE0021F055 /* PaintInfoTVC.swift */,
				486871191F0954060001747A /* PaintListTableViewController.swift */,
				F00B699B1E9C41930021F055 /* SearchPigmentTCV.swift */,
				F00B69A21E9C42210021F055 /* PigmentInfoTVC.swift */,
				F00B69A61E9C43060021F055 /* TableViewCells */,
			);
			name = Views;
			sourceTree = "<group>";
		};
		DC701D1A15D3F9140FDC0A77 /* Frameworks */ = {
			isa = PBXGroup;
			children = (
				B6820E0CB5B2FA27595C3F38 /* Pods_Watercolors.framework */,
				E9C4A2446281BD3B56D8A1A6 /* Pods_WatercolorsTests.framework */,
				BC9E6349AB58C386A927F32B /* Pods_WatercolorsUITests.framework */,
			);
			name = Frameworks;
			sourceTree = "<group>";
		};
		F00B69A61E9C43060021F055 /* TableViewCells */ = {
			isa = PBXGroup;
			children = (
				486871171F09524C0001747A /* PigmentTableViewCell.swift */,
				F0BB5EDC1E9D8E0A007E9878 /* ColorFamilyTableViewCell.swift */,
				F00B69A71E9C433F0021F055 /* SearchPaintTableViewCell.swift */,
				F00B69AF1E9C79250021F055 /* SearchPigmentTableViewCell.swift */,
				F00B69B11E9C82C80021F055 /* InventoryTableViewCell.swift */,
				F0BB5EE21E9D9AAF007E9878 /* PaintTableViewCell.swift */,
				F0BB5EE41E9D9ACC007E9878 /* OtherNamesTableViewCell.swift */,
			);
			name = TableViewCells;
			sourceTree = "<group>";
		};
		F04411A31E9BDA8C0046A999 /* Data */ = {
			isa = PBXGroup;
			children = (
				F04411C41E9BDE950046A999 /* CoreDataStack.swift */,
				F00B69861E9BFB790021F055 /* Paint+CoreDataClass.swift */,
				F00B69871E9BFB790021F055 /* Paint+CoreDataProperties.swift */,
				F00B69881E9BFB790021F055 /* Pigment+CoreDataClass.swift */,
				F00B69891E9BFB790021F055 /* Pigment+CoreDataProperties.swift */,
				4805C7731E942CBE00C885F4 /* Watercolors.xcdatamodeld */,
				F044119F1E9BDA850046A999 /* paint.json */,
				F04411A01E9BDA850046A999 /* pigment.json */,
			);
			name = Data;
			sourceTree = "<group>";
		};
/* End PBXGroup section */

/* Begin PBXNativeTarget section */
		4805C7681E942CBE00C885F4 /* Watercolors */ = {
			isa = PBXNativeTarget;
			buildConfigurationList = 4805C7941E942CBF00C885F4 /* Build configuration list for PBXNativeTarget "Watercolors" */;
			buildPhases = (
				161B1D3FD1EFF5D063086DC4 /* [CP] Check Pods Manifest.lock */,
				4805C7651E942CBE00C885F4 /* Sources */,
				4805C7661E942CBE00C885F4 /* Frameworks */,
				4805C7671E942CBE00C885F4 /* Resources */,
				889CE99E5AC582B9BBFDC614 /* [CP] Embed Pods Frameworks */,
				F5833DFE2523A18342577042 /* [CP] Copy Pods Resources */,
			);
			buildRules = (
			);
			dependencies = (
			);
			name = Watercolors;
			productName = Watercolors;
			productReference = 4805C7691E942CBE00C885F4 /* Watercolors.app */;
			productType = "com.apple.product-type.application";
		};
		4805C77F1E942CBF00C885F4 /* WatercolorsTests */ = {
			isa = PBXNativeTarget;
			buildConfigurationList = 4805C7971E942CBF00C885F4 /* Build configuration list for PBXNativeTarget "WatercolorsTests" */;
			buildPhases = (
				84898B4C07A95D50F77DEEF8 /* [CP] Check Pods Manifest.lock */,
				4805C77C1E942CBF00C885F4 /* Sources */,
				4805C77D1E942CBF00C885F4 /* Frameworks */,
				4805C77E1E942CBF00C885F4 /* Resources */,
				C588F80B9107BA1CC86CAC42 /* [CP] Embed Pods Frameworks */,
				3FF7A92E7185D37444CE7A1B /* [CP] Copy Pods Resources */,
			);
			buildRules = (
			);
			dependencies = (
				4805C7821E942CBF00C885F4 /* PBXTargetDependency */,
			);
			name = WatercolorsTests;
			productName = WatercolorsTests;
			productReference = 4805C7801E942CBF00C885F4 /* WatercolorsTests.xctest */;
			productType = "com.apple.product-type.bundle.unit-test";
		};
		4805C78A1E942CBF00C885F4 /* WatercolorsUITests */ = {
			isa = PBXNativeTarget;
			buildConfigurationList = 4805C79A1E942CBF00C885F4 /* Build configuration list for PBXNativeTarget "WatercolorsUITests" */;
			buildPhases = (
				46487871DF2143F6E7E6164F /* [CP] Check Pods Manifest.lock */,
				4805C7871E942CBF00C885F4 /* Sources */,
				4805C7881E942CBF00C885F4 /* Frameworks */,
				4805C7891E942CBF00C885F4 /* Resources */,
				0C192996D340216500477FF9 /* [CP] Embed Pods Frameworks */,
				9332E292F3F280A449111E31 /* [CP] Copy Pods Resources */,
			);
			buildRules = (
			);
			dependencies = (
				4805C78D1E942CBF00C885F4 /* PBXTargetDependency */,
			);
			name = WatercolorsUITests;
			productName = WatercolorsUITests;
			productReference = 4805C78B1E942CBF00C885F4 /* WatercolorsUITests.xctest */;
			productType = "com.apple.product-type.bundle.ui-testing";
		};
/* End PBXNativeTarget section */

/* Begin PBXProject section */
		4805C7611E942CBE00C885F4 /* Project object */ = {
			isa = PBXProject;
			attributes = {
				LastSwiftUpdateCheck = 0830;
				LastUpgradeCheck = 0830;
				ORGANIZATIONNAME = ReFalo;
				TargetAttributes = {
					4805C7681E942CBE00C885F4 = {
						CreatedOnToolsVersion = 8.3;
						ProvisioningStyle = Automatic;
					};
					4805C77F1E942CBF00C885F4 = {
						CreatedOnToolsVersion = 8.3;
						ProvisioningStyle = Automatic;
						TestTargetID = 4805C7681E942CBE00C885F4;
					};
					4805C78A1E942CBF00C885F4 = {
						CreatedOnToolsVersion = 8.3;
						DevelopmentTeam = ZP5B9HS488;
						ProvisioningStyle = Automatic;
						TestTargetID = 4805C7681E942CBE00C885F4;
					};
				};
			};
			buildConfigurationList = 4805C7641E942CBE00C885F4 /* Build configuration list for PBXProject "Watercolors" */;
			compatibilityVersion = "Xcode 8.0";
			developmentRegion = English;
			hasScannedForEncodings = 0;
			knownRegions = (
				en,
				Base,
			);
			mainGroup = 4805C7601E942CBE00C885F4;
			productRefGroup = 4805C76A1E942CBE00C885F4 /* Products */;
			projectDirPath = "";
			projectRoot = "";
			targets = (
				4805C7681E942CBE00C885F4 /* Watercolors */,
				4805C77F1E942CBF00C885F4 /* WatercolorsTests */,
				4805C78A1E942CBF00C885F4 /* WatercolorsUITests */,
			);
		};
/* End PBXProject section */

/* Begin PBXResourcesBuildPhase section */
		4805C7671E942CBE00C885F4 /* Resources */ = {
			isa = PBXResourcesBuildPhase;
			buildActionMask = 2147483647;
			files = (
				4805C77A1E942CBE00C885F4 /* LaunchScreen.storyboard in Resources */,
				4805C7771E942CBE00C885F4 /* Assets.xcassets in Resources */,
				482E22101EFC1EDB00D7CEEA /* GoogleService-Info.plist in Resources */,
				F04411A21E9BDA850046A999 /* pigment.json in Resources */,
				F04411A11E9BDA850046A999 /* paint.json in Resources */,
				4805C7721E942CBE00C885F4 /* Main.storyboard in Resources */,
			);
			runOnlyForDeploymentPostprocessing = 0;
		};
		4805C77E1E942CBF00C885F4 /* Resources */ = {
			isa = PBXResourcesBuildPhase;
			buildActionMask = 2147483647;
			files = (
			);
			runOnlyForDeploymentPostprocessing = 0;
		};
		4805C7891E942CBF00C885F4 /* Resources */ = {
			isa = PBXResourcesBuildPhase;
			buildActionMask = 2147483647;
			files = (
			);
			runOnlyForDeploymentPostprocessing = 0;
		};
/* End PBXResourcesBuildPhase section */

/* Begin PBXShellScriptBuildPhase section */
		0C192996D340216500477FF9 /* [CP] Embed Pods Frameworks */ = {
			isa = PBXShellScriptBuildPhase;
			buildActionMask = 2147483647;
			files = (
			);
			inputPaths = (
			);
			name = "[CP] Embed Pods Frameworks";
			outputPaths = (
			);
			runOnlyForDeploymentPostprocessing = 0;
			shellPath = /bin/sh;
			shellScript = "\"${SRCROOT}/Pods/Target Support Files/Pods-WatercolorsUITests/Pods-WatercolorsUITests-frameworks.sh\"\n";
			showEnvVarsInLog = 0;
		};
		161B1D3FD1EFF5D063086DC4 /* [CP] Check Pods Manifest.lock */ = {
			isa = PBXShellScriptBuildPhase;
			buildActionMask = 2147483647;
			files = (
			);
			inputPaths = (
			);
			name = "[CP] Check Pods Manifest.lock";
			outputPaths = (
			);
			runOnlyForDeploymentPostprocessing = 0;
			shellPath = /bin/sh;
			shellScript = "diff \"${PODS_ROOT}/../Podfile.lock\" \"${PODS_ROOT}/Manifest.lock\" > /dev/null\nif [ $? != 0 ] ; then\n    # print error to STDERR\n    echo \"error: The sandbox is not in sync with the Podfile.lock. Run 'pod install' or update your CocoaPods installation.\" >&2\n    exit 1\nfi\n";
			showEnvVarsInLog = 0;
		};
		3FF7A92E7185D37444CE7A1B /* [CP] Copy Pods Resources */ = {
			isa = PBXShellScriptBuildPhase;
			buildActionMask = 2147483647;
			files = (
			);
			inputPaths = (
			);
			name = "[CP] Copy Pods Resources";
			outputPaths = (
			);
			runOnlyForDeploymentPostprocessing = 0;
			shellPath = /bin/sh;
			shellScript = "\"${SRCROOT}/Pods/Target Support Files/Pods-WatercolorsTests/Pods-WatercolorsTests-resources.sh\"\n";
			showEnvVarsInLog = 0;
		};
		46487871DF2143F6E7E6164F /* [CP] Check Pods Manifest.lock */ = {
			isa = PBXShellScriptBuildPhase;
			buildActionMask = 2147483647;
			files = (
			);
			inputPaths = (
			);
			name = "[CP] Check Pods Manifest.lock";
			outputPaths = (
			);
			runOnlyForDeploymentPostprocessing = 0;
			shellPath = /bin/sh;
			shellScript = "diff \"${PODS_ROOT}/../Podfile.lock\" \"${PODS_ROOT}/Manifest.lock\" > /dev/null\nif [ $? != 0 ] ; then\n    # print error to STDERR\n    echo \"error: The sandbox is not in sync with the Podfile.lock. Run 'pod install' or update your CocoaPods installation.\" >&2\n    exit 1\nfi\n";
			showEnvVarsInLog = 0;
		};
		84898B4C07A95D50F77DEEF8 /* [CP] Check Pods Manifest.lock */ = {
			isa = PBXShellScriptBuildPhase;
			buildActionMask = 2147483647;
			files = (
			);
			inputPaths = (
			);
			name = "[CP] Check Pods Manifest.lock";
			outputPaths = (
			);
			runOnlyForDeploymentPostprocessing = 0;
			shellPath = /bin/sh;
			shellScript = "diff \"${PODS_ROOT}/../Podfile.lock\" \"${PODS_ROOT}/Manifest.lock\" > /dev/null\nif [ $? != 0 ] ; then\n    # print error to STDERR\n    echo \"error: The sandbox is not in sync with the Podfile.lock. Run 'pod install' or update your CocoaPods installation.\" >&2\n    exit 1\nfi\n";
			showEnvVarsInLog = 0;
		};
		889CE99E5AC582B9BBFDC614 /* [CP] Embed Pods Frameworks */ = {
			isa = PBXShellScriptBuildPhase;
			buildActionMask = 2147483647;
			files = (
			);
			inputPaths = (
			);
			name = "[CP] Embed Pods Frameworks";
			outputPaths = (
			);
			runOnlyForDeploymentPostprocessing = 0;
			shellPath = /bin/sh;
			shellScript = "\"${SRCROOT}/Pods/Target Support Files/Pods-Watercolors/Pods-Watercolors-frameworks.sh\"\n";
			showEnvVarsInLog = 0;
		};
		9332E292F3F280A449111E31 /* [CP] Copy Pods Resources */ = {
			isa = PBXShellScriptBuildPhase;
			buildActionMask = 2147483647;
			files = (
			);
			inputPaths = (
			);
			name = "[CP] Copy Pods Resources";
			outputPaths = (
			);
			runOnlyForDeploymentPostprocessing = 0;
			shellPath = /bin/sh;
			shellScript = "\"${SRCROOT}/Pods/Target Support Files/Pods-WatercolorsUITests/Pods-WatercolorsUITests-resources.sh\"\n";
			showEnvVarsInLog = 0;
		};
		C588F80B9107BA1CC86CAC42 /* [CP] Embed Pods Frameworks */ = {
			isa = PBXShellScriptBuildPhase;
			buildActionMask = 2147483647;
			files = (
			);
			inputPaths = (
			);
			name = "[CP] Embed Pods Frameworks";
			outputPaths = (
			);
			runOnlyForDeploymentPostprocessing = 0;
			shellPath = /bin/sh;
			shellScript = "\"${SRCROOT}/Pods/Target Support Files/Pods-WatercolorsTests/Pods-WatercolorsTests-frameworks.sh\"\n";
			showEnvVarsInLog = 0;
		};
		F5833DFE2523A18342577042 /* [CP] Copy Pods Resources */ = {
			isa = PBXShellScriptBuildPhase;
			buildActionMask = 2147483647;
			files = (
			);
			inputPaths = (
			);
			name = "[CP] Copy Pods Resources";
			outputPaths = (
			);
			runOnlyForDeploymentPostprocessing = 0;
			shellPath = /bin/sh;
			shellScript = "\"${SRCROOT}/Pods/Target Support Files/Pods-Watercolors/Pods-Watercolors-resources.sh\"\n";
			showEnvVarsInLog = 0;
		};
/* End PBXShellScriptBuildPhase section */

/* Begin PBXSourcesBuildPhase section */
		4805C7651E942CBE00C885F4 /* Sources */ = {
			isa = PBXSourcesBuildPhase;
			buildActionMask = 2147483647;
			files = (
				F00B698A1E9BFB790021F055 /* Paint+CoreDataClass.swift in Sources */,
				4805C76D1E942CBE00C885F4 /* AppDelegate.swift in Sources */,
				482E22121EFF3F9700D7CEEA /* Emitter.swift in Sources */,
				F00B698B1E9BFB790021F055 /* Paint+CoreDataProperties.swift in Sources */,
				F00B69A31E9C42210021F055 /* PigmentInfoTVC.swift in Sources */,
				F00B69B01E9C79250021F055 /* SearchPigmentTableViewCell.swift in Sources */,
				F00B699D1E9C41930021F055 /* SearchPigmentTCV.swift in Sources */,
				F0BB5EDD1E9D8E0A007E9878 /* ColorFamilyTableViewCell.swift in Sources */,
				486871181F09524C0001747A /* PigmentTableViewCell.swift in Sources */,
				F0BB5EE51E9D9ACC007E9878 /* OtherNamesTableViewCell.swift in Sources */,
				F0BB5EE31E9D9AAF007E9878 /* PaintTableViewCell.swift in Sources */,
				F00B698D1E9BFB790021F055 /* Pigment+CoreDataProperties.swift in Sources */,
				F00B69B21E9C82C80021F055 /* InventoryTableViewCell.swift in Sources */,
				F00B69A11E9C41FE0021F055 /* PaintInfoTVC.swift in Sources */,
				48A64C9A1F0B78D80004307F /* PaintItem.swift in Sources */,
				4805C7751E942CBE00C885F4 /* Watercolors.xcdatamodeld in Sources */,
				48A64C9C1F11A4D20004307F /* ActivityIndicator.swift in Sources */,
				4868711A1F0954060001747A /* PaintListTableViewController.swift in Sources */,
				F00B698C1E9BFB790021F055 /* Pigment+CoreDataClass.swift in Sources */,
				F00B69A81E9C433F0021F055 /* SearchPaintTableViewCell.swift in Sources */,
				F04411C51E9BDE950046A999 /* CoreDataStack.swift in Sources */,
				489D060B1EE3239400ED20B0 /* LoginVC.swift in Sources */,
			);
			runOnlyForDeploymentPostprocessing = 0;
		};
		4805C77C1E942CBF00C885F4 /* Sources */ = {
			isa = PBXSourcesBuildPhase;
			buildActionMask = 2147483647;
			files = (
				4805C7851E942CBF00C885F4 /* WatercolorsTests.swift in Sources */,
			);
			runOnlyForDeploymentPostprocessing = 0;
		};
		4805C7871E942CBF00C885F4 /* Sources */ = {
			isa = PBXSourcesBuildPhase;
			buildActionMask = 2147483647;
			files = (
				4805C7901E942CBF00C885F4 /* WatercolorsUITests.swift in Sources */,
			);
			runOnlyForDeploymentPostprocessing = 0;
		};
/* End PBXSourcesBuildPhase section */

/* Begin PBXTargetDependency section */
		4805C7821E942CBF00C885F4 /* PBXTargetDependency */ = {
			isa = PBXTargetDependency;
			target = 4805C7681E942CBE00C885F4 /* Watercolors */;
			targetProxy = 4805C7811E942CBF00C885F4 /* PBXContainerItemProxy */;
		};
		4805C78D1E942CBF00C885F4 /* PBXTargetDependency */ = {
			isa = PBXTargetDependency;
			target = 4805C7681E942CBE00C885F4 /* Watercolors */;
			targetProxy = 4805C78C1E942CBF00C885F4 /* PBXContainerItemProxy */;
		};
/* End PBXTargetDependency section */

/* Begin PBXVariantGroup section */
		4805C7701E942CBE00C885F4 /* Main.storyboard */ = {
			isa = PBXVariantGroup;
			children = (
				4805C7711E942CBE00C885F4 /* Base */,
			);
			name = Main.storyboard;
			sourceTree = "<group>";
		};
		4805C7781E942CBE00C885F4 /* LaunchScreen.storyboard */ = {
			isa = PBXVariantGroup;
			children = (
				4805C7791E942CBE00C885F4 /* Base */,
			);
			name = LaunchScreen.storyboard;
			path = Watercolors;
			sourceTree = "<group>";
		};
/* End PBXVariantGroup section */

/* Begin XCBuildConfiguration section */
		4805C7921E942CBF00C885F4 /* Debug */ = {
			isa = XCBuildConfiguration;
			buildSettings = {
				ALWAYS_SEARCH_USER_PATHS = NO;
				CLANG_ANALYZER_NONNULL = YES;
				CLANG_ANALYZER_NUMBER_OBJECT_CONVERSION = YES_AGGRESSIVE;
				CLANG_CXX_LANGUAGE_STANDARD = "gnu++0x";
				CLANG_CXX_LIBRARY = "libc++";
				CLANG_ENABLE_MODULES = YES;
				CLANG_ENABLE_OBJC_ARC = YES;
				CLANG_WARN_BOOL_CONVERSION = YES;
				CLANG_WARN_CONSTANT_CONVERSION = YES;
				CLANG_WARN_DIRECT_OBJC_ISA_USAGE = YES_ERROR;
				CLANG_WARN_DOCUMENTATION_COMMENTS = YES;
				CLANG_WARN_EMPTY_BODY = YES;
				CLANG_WARN_ENUM_CONVERSION = YES;
				CLANG_WARN_INFINITE_RECURSION = YES;
				CLANG_WARN_INT_CONVERSION = YES;
				CLANG_WARN_OBJC_ROOT_CLASS = YES_ERROR;
				CLANG_WARN_SUSPICIOUS_MOVE = YES;
				CLANG_WARN_UNREACHABLE_CODE = YES;
				CLANG_WARN__DUPLICATE_METHOD_MATCH = YES;
				"CODE_SIGN_IDENTITY[sdk=iphoneos*]" = "iPhone Developer";
				COPY_PHASE_STRIP = NO;
				DEBUG_INFORMATION_FORMAT = dwarf;
				ENABLE_STRICT_OBJC_MSGSEND = YES;
				ENABLE_TESTABILITY = YES;
				GCC_C_LANGUAGE_STANDARD = gnu99;
				GCC_DYNAMIC_NO_PIC = NO;
				GCC_NO_COMMON_BLOCKS = YES;
				GCC_OPTIMIZATION_LEVEL = 0;
				GCC_PREPROCESSOR_DEFINITIONS = (
					"DEBUG=1",
					"$(inherited)",
				);
				GCC_WARN_64_TO_32_BIT_CONVERSION = YES;
				GCC_WARN_ABOUT_RETURN_TYPE = YES_ERROR;
				GCC_WARN_UNDECLARED_SELECTOR = YES;
				GCC_WARN_UNINITIALIZED_AUTOS = YES_AGGRESSIVE;
				GCC_WARN_UNUSED_FUNCTION = YES;
				GCC_WARN_UNUSED_VARIABLE = YES;
				IPHONEOS_DEPLOYMENT_TARGET = 10.0;
				MTL_ENABLE_DEBUG_INFO = YES;
				ONLY_ACTIVE_ARCH = YES;
				SDKROOT = iphoneos;
				SWIFT_ACTIVE_COMPILATION_CONDITIONS = DEBUG;
				SWIFT_OPTIMIZATION_LEVEL = "-Onone";
				TARGETED_DEVICE_FAMILY = "1,2";
			};
			name = Debug;
		};
		4805C7931E942CBF00C885F4 /* Release */ = {
			isa = XCBuildConfiguration;
			buildSettings = {
				ALWAYS_SEARCH_USER_PATHS = NO;
				CLANG_ANALYZER_NONNULL = YES;
				CLANG_ANALYZER_NUMBER_OBJECT_CONVERSION = YES_AGGRESSIVE;
				CLANG_CXX_LANGUAGE_STANDARD = "gnu++0x";
				CLANG_CXX_LIBRARY = "libc++";
				CLANG_ENABLE_MODULES = YES;
				CLANG_ENABLE_OBJC_ARC = YES;
				CLANG_WARN_BOOL_CONVERSION = YES;
				CLANG_WARN_CONSTANT_CONVERSION = YES;
				CLANG_WARN_DIRECT_OBJC_ISA_USAGE = YES_ERROR;
				CLANG_WARN_DOCUMENTATION_COMMENTS = YES;
				CLANG_WARN_EMPTY_BODY = YES;
				CLANG_WARN_ENUM_CONVERSION = YES;
				CLANG_WARN_INFINITE_RECURSION = YES;
				CLANG_WARN_INT_CONVERSION = YES;
				CLANG_WARN_OBJC_ROOT_CLASS = YES_ERROR;
				CLANG_WARN_SUSPICIOUS_MOVE = YES;
				CLANG_WARN_UNREACHABLE_CODE = YES;
				CLANG_WARN__DUPLICATE_METHOD_MATCH = YES;
				"CODE_SIGN_IDENTITY[sdk=iphoneos*]" = "iPhone Developer";
				COPY_PHASE_STRIP = NO;
				DEBUG_INFORMATION_FORMAT = "dwarf-with-dsym";
				ENABLE_NS_ASSERTIONS = NO;
				ENABLE_STRICT_OBJC_MSGSEND = YES;
				GCC_C_LANGUAGE_STANDARD = gnu99;
				GCC_NO_COMMON_BLOCKS = YES;
				GCC_WARN_64_TO_32_BIT_CONVERSION = YES;
				GCC_WARN_ABOUT_RETURN_TYPE = YES_ERROR;
				GCC_WARN_UNDECLARED_SELECTOR = YES;
				GCC_WARN_UNINITIALIZED_AUTOS = YES_AGGRESSIVE;
				GCC_WARN_UNUSED_FUNCTION = YES;
				GCC_WARN_UNUSED_VARIABLE = YES;
				IPHONEOS_DEPLOYMENT_TARGET = 10.0;
				MTL_ENABLE_DEBUG_INFO = NO;
				SDKROOT = iphoneos;
				SWIFT_OPTIMIZATION_LEVEL = "-Owholemodule";
				TARGETED_DEVICE_FAMILY = "1,2";
				VALIDATE_PRODUCT = YES;
			};
			name = Release;
		};
		4805C7951E942CBF00C885F4 /* Debug */ = {
			isa = XCBuildConfiguration;
			baseConfigurationReference = 6B951EB84E28E25CA86D4348 /* Pods-Watercolors.debug.xcconfig */;
			buildSettings = {
				ASSETCATALOG_COMPILER_APPICON_NAME = AppIcon;
				"CODE_SIGN_IDENTITY[sdk=iphoneos*]" = "iPhone Developer";
				DEVELOPMENT_TEAM = ZP5B9HS488;
				INFOPLIST_FILE = Watercolors/Info.plist;
				IPHONEOS_DEPLOYMENT_TARGET = 10.0;
				LD_RUNPATH_SEARCH_PATHS = "$(inherited) @executable_path/Frameworks";
				PRODUCT_BUNDLE_IDENTIFIER = com.refalo.Watercolors;
				PRODUCT_NAME = "$(TARGET_NAME)";
				PROVISIONING_PROFILE_SPECIFIER = "";
				SWIFT_VERSION = 3.0;
				TARGETED_DEVICE_FAMILY = 1;
			};
			name = Debug;
		};
		4805C7961E942CBF00C885F4 /* Release */ = {
			isa = XCBuildConfiguration;
			baseConfigurationReference = 16377F175BAD21241E946629 /* Pods-Watercolors.release.xcconfig */;
			buildSettings = {
				ASSETCATALOG_COMPILER_APPICON_NAME = AppIcon;
				"CODE_SIGN_IDENTITY[sdk=iphoneos*]" = "iPhone Developer";
				DEVELOPMENT_TEAM = ZP5B9HS488;
				INFOPLIST_FILE = Watercolors/Info.plist;
				IPHONEOS_DEPLOYMENT_TARGET = 10.0;
				LD_RUNPATH_SEARCH_PATHS = "$(inherited) @executable_path/Frameworks";
				PRODUCT_BUNDLE_IDENTIFIER = com.refalo.Watercolors;
				PRODUCT_NAME = "$(TARGET_NAME)";
				PROVISIONING_PROFILE_SPECIFIER = "";
				SWIFT_VERSION = 3.0;
				TARGETED_DEVICE_FAMILY = 1;
			};
			name = Release;
		};
		4805C7981E942CBF00C885F4 /* Debug */ = {
			isa = XCBuildConfiguration;
			baseConfigurationReference = 25905FAEDAB144FF7A81B431 /* Pods-WatercolorsTests.debug.xcconfig */;
			buildSettings = {
				ALWAYS_EMBED_SWIFT_STANDARD_LIBRARIES = YES;
				BUNDLE_LOADER = "$(TEST_HOST)";
				INFOPLIST_FILE = WatercolorsTests/Info.plist;
				LD_RUNPATH_SEARCH_PATHS = "$(inherited) @executable_path/Frameworks @loader_path/Frameworks";
				PRODUCT_BUNDLE_IDENTIFIER = com.refalo.WatercolorsTests;
				PRODUCT_NAME = "$(TARGET_NAME)";
				SWIFT_VERSION = 3.0;
				TEST_HOST = "$(BUILT_PRODUCTS_DIR)/Watercolors.app/Watercolors";
			};
			name = Debug;
		};
		4805C7991E942CBF00C885F4 /* Release */ = {
			isa = XCBuildConfiguration;
			baseConfigurationReference = 88BE69C0CEA67BE3BD2DE705 /* Pods-WatercolorsTests.release.xcconfig */;
			buildSettings = {
				ALWAYS_EMBED_SWIFT_STANDARD_LIBRARIES = YES;
				BUNDLE_LOADER = "$(TEST_HOST)";
				INFOPLIST_FILE = WatercolorsTests/Info.plist;
				LD_RUNPATH_SEARCH_PATHS = "$(inherited) @executable_path/Frameworks @loader_path/Frameworks";
				PRODUCT_BUNDLE_IDENTIFIER = com.refalo.WatercolorsTests;
				PRODUCT_NAME = "$(TARGET_NAME)";
				SWIFT_VERSION = 3.0;
				TEST_HOST = "$(BUILT_PRODUCTS_DIR)/Watercolors.app/Watercolors";
			};
			name = Release;
		};
		4805C79B1E942CBF00C885F4 /* Debug */ = {
			isa = XCBuildConfiguration;
			baseConfigurationReference = 70D10C59D56D44B8FDCFFE70 /* Pods-WatercolorsUITests.debug.xcconfig */;
			buildSettings = {
				ALWAYS_EMBED_SWIFT_STANDARD_LIBRARIES = YES;
				DEVELOPMENT_TEAM = ZP5B9HS488;
				INFOPLIST_FILE = WatercolorsUITests/Info.plist;
				IPHONEOS_DEPLOYMENT_TARGET = 10.0;
				LD_RUNPATH_SEARCH_PATHS = "$(inherited) @executable_path/Frameworks @loader_path/Frameworks";
				PRODUCT_BUNDLE_IDENTIFIER = com.refalo.WatercolorsUITests;
				PRODUCT_NAME = "$(TARGET_NAME)";
				SWIFT_VERSION = 3.0;
				TEST_TARGET_NAME = Watercolors;
			};
			name = Debug;
		};
		4805C79C1E942CBF00C885F4 /* Release */ = {
			isa = XCBuildConfiguration;
			baseConfigurationReference = 89BF1823962519711FAB8018 /* Pods-WatercolorsUITests.release.xcconfig */;
			buildSettings = {
				ALWAYS_EMBED_SWIFT_STANDARD_LIBRARIES = YES;
				DEVELOPMENT_TEAM = ZP5B9HS488;
				INFOPLIST_FILE = WatercolorsUITests/Info.plist;
				IPHONEOS_DEPLOYMENT_TARGET = 10.0;
				LD_RUNPATH_SEARCH_PATHS = "$(inherited) @executable_path/Frameworks @loader_path/Frameworks";
				PRODUCT_BUNDLE_IDENTIFIER = com.refalo.WatercolorsUITests;
				PRODUCT_NAME = "$(TARGET_NAME)";
				SWIFT_VERSION = 3.0;
				TEST_TARGET_NAME = Watercolors;
			};
			name = Release;
		};
/* End XCBuildConfiguration section */

/* Begin XCConfigurationList section */
		4805C7641E942CBE00C885F4 /* Build configuration list for PBXProject "Watercolors" */ = {
			isa = XCConfigurationList;
			buildConfigurations = (
				4805C7921E942CBF00C885F4 /* Debug */,
				4805C7931E942CBF00C885F4 /* Release */,
			);
			defaultConfigurationIsVisible = 0;
			defaultConfigurationName = Release;
		};
		4805C7941E942CBF00C885F4 /* Build configuration list for PBXNativeTarget "Watercolors" */ = {
			isa = XCConfigurationList;
			buildConfigurations = (
				4805C7951E942CBF00C885F4 /* Debug */,
				4805C7961E942CBF00C885F4 /* Release */,
			);
			defaultConfigurationIsVisible = 0;
			defaultConfigurationName = Release;
		};
		4805C7971E942CBF00C885F4 /* Build configuration list for PBXNativeTarget "WatercolorsTests" */ = {
			isa = XCConfigurationList;
			buildConfigurations = (
				4805C7981E942CBF00C885F4 /* Debug */,
				4805C7991E942CBF00C885F4 /* Release */,
			);
			defaultConfigurationIsVisible = 0;
			defaultConfigurationName = Release;
		};
		4805C79A1E942CBF00C885F4 /* Build configuration list for PBXNativeTarget "WatercolorsUITests" */ = {
			isa = XCConfigurationList;
			buildConfigurations = (
				4805C79B1E942CBF00C885F4 /* Debug */,
				4805C79C1E942CBF00C885F4 /* Release */,
			);
			defaultConfigurationIsVisible = 0;
			defaultConfigurationName = Release;
		};
/* End XCConfigurationList section */

/* Begin XCVersionGroup section */
		4805C7731E942CBE00C885F4 /* Watercolors.xcdatamodeld */ = {
			isa = XCVersionGroup;
			children = (
				4805C7741E942CBE00C885F4 /* Watercolors.xcdatamodel */,
			);
			currentVersion = 4805C7741E942CBE00C885F4 /* Watercolors.xcdatamodel */;
			path = Watercolors.xcdatamodeld;
			sourceTree = "<group>";
			versionGroupType = wrapper.xcdatamodel;
		};
/* End XCVersionGroup section */
	};
	rootObject = 4805C7611E942CBE00C885F4 /* Project object */;
}
